// !$*UTF8*$!
{
	archiveVersion = 1;
	classes = {
	};
	objectVersion = 55;
	objects = {

/* Begin PBXBuildFile section */
		A35A5FFF5B74D27127FDF638 /* Pods_ExMultiSectionCollectionView.framework in Frameworks */ = {isa = PBXBuildFile; fileRef = 248FB4B967E9CC8C05B0A0E5 /* Pods_ExMultiSectionCollectionView.framework */; };
		C6CCB4C127D5B7C600E5F5F6 /* AppDelegate.swift in Sources */ = {isa = PBXBuildFile; fileRef = C6CCB4C027D5B7C600E5F5F6 /* AppDelegate.swift */; };
		C6CCB4C327D5B7C600E5F5F6 /* SceneDelegate.swift in Sources */ = {isa = PBXBuildFile; fileRef = C6CCB4C227D5B7C600E5F5F6 /* SceneDelegate.swift */; };
		C6CCB4C527D5B7C600E5F5F6 /* ViewController.swift in Sources */ = {isa = PBXBuildFile; fileRef = C6CCB4C427D5B7C600E5F5F6 /* ViewController.swift */; };
		C6CCB4C827D5B7C600E5F5F6 /* Main.storyboard in Resources */ = {isa = PBXBuildFile; fileRef = C6CCB4C627D5B7C600E5F5F6 /* Main.storyboard */; };
		C6CCB4CA27D5B7C800E5F5F6 /* Assets.xcassets in Resources */ = {isa = PBXBuildFile; fileRef = C6CCB4C927D5B7C800E5F5F6 /* Assets.xcassets */; };
		C6CCB4CD27D5B7C800E5F5F6 /* LaunchScreen.storyboard in Resources */ = {isa = PBXBuildFile; fileRef = C6CCB4CB27D5B7C800E5F5F6 /* LaunchScreen.storyboard */; };
		C6CCB4D527D5C73A00E5F5F6 /* ColorCell.swift in Sources */ = {isa = PBXBuildFile; fileRef = C6CCB4D427D5C73A00E5F5F6 /* ColorCell.swift */; };
		C6CCB4D727D5C8BD00E5F5F6 /* UIColor+Extension.swift in Sources */ = {isa = PBXBuildFile; fileRef = C6CCB4D627D5C8BD00E5F5F6 /* UIColor+Extension.swift */; };
		C6CCB4D927D5CE0300E5F5F6 /* TitleCell.swift in Sources */ = {isa = PBXBuildFile; fileRef = C6CCB4D827D5CE0300E5F5F6 /* TitleCell.swift */; };
		C6CCB4DF27D5D2CC00E5F5F6 /* MySectionModel.swift in Sources */ = {isa = PBXBuildFile; fileRef = C6CCB4DE27D5D2CC00E5F5F6 /* MySectionModel.swift */; };
		C6CCB4E127D5DF5900E5F5F6 /* TitleSupplementaryView.swift in Sources */ = {isa = PBXBuildFile; fileRef = C6CCB4E027D5DF5900E5F5F6 /* TitleSupplementaryView.swift */; };
/* End PBXBuildFile section */

/* Begin PBXFileReference section */
		1366E0C06EEA55EFBFA6244B /* Pods-ExMultiSectionCollectionView.debug.xcconfig */ = {isa = PBXFileReference; includeInIndex = 1; lastKnownFileType = text.xcconfig; name = "Pods-ExMultiSectionCollectionView.debug.xcconfig"; path = "Target Support Files/Pods-ExMultiSectionCollectionView/Pods-ExMultiSectionCollectionView.debug.xcconfig"; sourceTree = "<group>"; };
		248FB4B967E9CC8C05B0A0E5 /* Pods_ExMultiSectionCollectionView.framework */ = {isa = PBXFileReference; explicitFileType = wrapper.framework; includeInIndex = 0; path = Pods_ExMultiSectionCollectionView.framework; sourceTree = BUILT_PRODUCTS_DIR; };
		BC783D637056588396D82933 /* Pods-ExMultiSectionCollectionView.release.xcconfig */ = {isa = PBXFileReference; includeInIndex = 1; lastKnownFileType = text.xcconfig; name = "Pods-ExMultiSectionCollectionView.release.xcconfig"; path = "Target Support Files/Pods-ExMultiSectionCollectionView/Pods-ExMultiSectionCollectionView.release.xcconfig"; sourceTree = "<group>"; };
		C6CCB4BD27D5B7C600E5F5F6 /* ExMultiSectionCollectionView.app */ = {isa = PBXFileReference; explicitFileType = wrapper.application; includeInIndex = 0; path = ExMultiSectionCollectionView.app; sourceTree = BUILT_PRODUCTS_DIR; };
		C6CCB4C027D5B7C600E5F5F6 /* AppDelegate.swift */ = {isa = PBXFileReference; lastKnownFileType = sourcecode.swift; path = AppDelegate.swift; sourceTree = "<group>"; };
		C6CCB4C227D5B7C600E5F5F6 /* SceneDelegate.swift */ = {isa = PBXFileReference; lastKnownFileType = sourcecode.swift; path = SceneDelegate.swift; sourceTree = "<group>"; };
		C6CCB4C427D5B7C600E5F5F6 /* ViewController.swift */ = {isa = PBXFileReference; lastKnownFileType = sourcecode.swift; path = ViewController.swift; sourceTree = "<group>"; };
		C6CCB4C727D5B7C600E5F5F6 /* Base */ = {isa = PBXFileReference; lastKnownFileType = file.storyboard; name = Base; path = Base.lproj/Main.storyboard; sourceTree = "<group>"; };
		C6CCB4C927D5B7C800E5F5F6 /* Assets.xcassets */ = {isa = PBXFileReference; lastKnownFileType = folder.assetcatalog; path = Assets.xcassets; sourceTree = "<group>"; };
		C6CCB4CC27D5B7C800E5F5F6 /* Base */ = {isa = PBXFileReference; lastKnownFileType = file.storyboard; name = Base; path = Base.lproj/LaunchScreen.storyboard; sourceTree = "<group>"; };
		C6CCB4CE27D5B7C800E5F5F6 /* Info.plist */ = {isa = PBXFileReference; lastKnownFileType = text.plist.xml; path = Info.plist; sourceTree = "<group>"; };
		C6CCB4D427D5C73A00E5F5F6 /* ColorCell.swift */ = {isa = PBXFileReference; lastKnownFileType = sourcecode.swift; path = ColorCell.swift; sourceTree = "<group>"; };
		C6CCB4D627D5C8BD00E5F5F6 /* UIColor+Extension.swift */ = {isa = PBXFileReference; lastKnownFileType = sourcecode.swift; path = "UIColor+Extension.swift"; sourceTree = "<group>"; };
		C6CCB4D827D5CE0300E5F5F6 /* TitleCell.swift */ = {isa = PBXFileReference; lastKnownFileType = sourcecode.swift; path = TitleCell.swift; sourceTree = "<group>"; };
		C6CCB4DE27D5D2CC00E5F5F6 /* MySectionModel.swift */ = {isa = PBXFileReference; lastKnownFileType = sourcecode.swift; path = MySectionModel.swift; sourceTree = "<group>"; };
		C6CCB4E027D5DF5900E5F5F6 /* TitleSupplementaryView.swift */ = {isa = PBXFileReference; lastKnownFileType = sourcecode.swift; path = TitleSupplementaryView.swift; sourceTree = "<group>"; };
/* End PBXFileReference section */

/* Begin PBXFrameworksBuildPhase section */
		C6CCB4BA27D5B7C600E5F5F6 /* Frameworks */ = {
			isa = PBXFrameworksBuildPhase;
			buildActionMask = 2147483647;
			files = (
				A35A5FFF5B74D27127FDF638 /* Pods_ExMultiSectionCollectionView.framework in Frameworks */,
			);
			runOnlyForDeploymentPostprocessing = 0;
		};
/* End PBXFrameworksBuildPhase section */

/* Begin PBXGroup section */
		0F9794709AFB349122AE27A8 /* Frameworks */ = {
			isa = PBXGroup;
			children = (
				248FB4B967E9CC8C05B0A0E5 /* Pods_ExMultiSectionCollectionView.framework */,
			);
			name = Frameworks;
			sourceTree = "<group>";
		};
		C6CCB4B427D5B7C600E5F5F6 = {
			isa = PBXGroup;
			children = (
				C6CCB4BF27D5B7C600E5F5F6 /* ExMultiSectionCollectionView */,
				C6CCB4BE27D5B7C600E5F5F6 /* Products */,
				F2E4CE4BF8F872072BE425B7 /* Pods */,
				0F9794709AFB349122AE27A8 /* Frameworks */,
			);
			sourceTree = "<group>";
		};
		C6CCB4BE27D5B7C600E5F5F6 /* Products */ = {
			isa = PBXGroup;
			children = (
				C6CCB4BD27D5B7C600E5F5F6 /* ExMultiSectionCollectionView.app */,
			);
			name = Products;
			sourceTree = "<group>";
		};
		C6CCB4BF27D5B7C600E5F5F6 /* ExMultiSectionCollectionView */ = {
			isa = PBXGroup;
			children = (
				C6CCB4E227D5E13A00E5F5F6 /* SupplementaryView */,
				C6CCB4DD27D5D2C400E5F5F6 /* Model */,
				C6CCB4DC27D5D2C200E5F5F6 /* Cell */,
				C6CCB4C027D5B7C600E5F5F6 /* AppDelegate.swift */,
				C6CCB4C227D5B7C600E5F5F6 /* SceneDelegate.swift */,
				C6CCB4C427D5B7C600E5F5F6 /* ViewController.swift */,
				C6CCB4D627D5C8BD00E5F5F6 /* UIColor+Extension.swift */,
				C6CCB4C627D5B7C600E5F5F6 /* Main.storyboard */,
				C6CCB4C927D5B7C800E5F5F6 /* Assets.xcassets */,
				C6CCB4CB27D5B7C800E5F5F6 /* LaunchScreen.storyboard */,
				C6CCB4CE27D5B7C800E5F5F6 /* Info.plist */,
			);
			path = ExMultiSectionCollectionView;
			sourceTree = "<group>";
		};
		C6CCB4DC27D5D2C200E5F5F6 /* Cell */ = {
			isa = PBXGroup;
			children = (
				C6CCB4D427D5C73A00E5F5F6 /* ColorCell.swift */,
				C6CCB4D827D5CE0300E5F5F6 /* TitleCell.swift */,
			);
			path = Cell;
			sourceTree = "<group>";
		};
		C6CCB4DD27D5D2C400E5F5F6 /* Model */ = {
			isa = PBXGroup;
			children = (
				C6CCB4DE27D5D2CC00E5F5F6 /* MySectionModel.swift */,
			);
			path = Model;
			sourceTree = "<group>";
		};
		C6CCB4E227D5E13A00E5F5F6 /* SupplementaryView */ = {
			isa = PBXGroup;
			children = (
				C6CCB4E027D5DF5900E5F5F6 /* TitleSupplementaryView.swift */,
			);
			path = SupplementaryView;
			sourceTree = "<group>";
		};
		F2E4CE4BF8F872072BE425B7 /* Pods */ = {
			isa = PBXGroup;
			children = (
				1366E0C06EEA55EFBFA6244B /* Pods-ExMultiSectionCollectionView.debug.xcconfig */,
				BC783D637056588396D82933 /* Pods-ExMultiSectionCollectionView.release.xcconfig */,
			);
			path = Pods;
			sourceTree = "<group>";
		};
/* End PBXGroup section */

/* Begin PBXNativeTarget section */
		C6CCB4BC27D5B7C600E5F5F6 /* ExMultiSectionCollectionView */ = {
			isa = PBXNativeTarget;
			buildConfigurationList = C6CCB4D127D5B7C800E5F5F6 /* Build configuration list for PBXNativeTarget "ExMultiSectionCollectionView" */;
			buildPhases = (
				E2487973C959A184A68AEA88 /* [CP] Check Pods Manifest.lock */,
				C6CCB4B927D5B7C600E5F5F6 /* Sources */,
				C6CCB4BA27D5B7C600E5F5F6 /* Frameworks */,
				C6CCB4BB27D5B7C600E5F5F6 /* Resources */,
				EAB9945F774008C2D5077486 /* [CP] Embed Pods Frameworks */,
			);
			buildRules = (
			);
			dependencies = (
			);
			name = ExMultiSectionCollectionView;
			productName = ExMultiSectionCollectionView;
			productReference = C6CCB4BD27D5B7C600E5F5F6 /* ExMultiSectionCollectionView.app */;
			productType = "com.apple.product-type.application";
		};
/* End PBXNativeTarget section */

/* Begin PBXProject section */
		C6CCB4B527D5B7C600E5F5F6 /* Project object */ = {
			isa = PBXProject;
			attributes = {
				BuildIndependentTargetsInParallel = 1;
				LastSwiftUpdateCheck = 1320;
				LastUpgradeCheck = 1320;
				TargetAttributes = {
					C6CCB4BC27D5B7C600E5F5F6 = {
						CreatedOnToolsVersion = 13.2;
					};
				};
			};
			buildConfigurationList = C6CCB4B827D5B7C600E5F5F6 /* Build configuration list for PBXProject "ExMultiSectionCollectionView" */;
			compatibilityVersion = "Xcode 13.0";
			developmentRegion = en;
			hasScannedForEncodings = 0;
			knownRegions = (
				en,
				Base,
			);
			mainGroup = C6CCB4B427D5B7C600E5F5F6;
			productRefGroup = C6CCB4BE27D5B7C600E5F5F6 /* Products */;
			projectDirPath = "";
			projectRoot = "";
			targets = (
				C6CCB4BC27D5B7C600E5F5F6 /* ExMultiSectionCollectionView */,
			);
		};
/* End PBXProject section */

/* Begin PBXResourcesBuildPhase section */
		C6CCB4BB27D5B7C600E5F5F6 /* Resources */ = {
			isa = PBXResourcesBuildPhase;
			buildActionMask = 2147483647;
			files = (
				C6CCB4CD27D5B7C800E5F5F6 /* LaunchScreen.storyboard in Resources */,
				C6CCB4CA27D5B7C800E5F5F6 /* Assets.xcassets in Resources */,
				C6CCB4C827D5B7C600E5F5F6 /* Main.storyboard in Resources */,
			);
			runOnlyForDeploymentPostprocessing = 0;
		};
/* End PBXResourcesBuildPhase section */

/* Begin PBXShellScriptBuildPhase section */
		E2487973C959A184A68AEA88 /* [CP] Check Pods Manifest.lock */ = {
			isa = PBXShellScriptBuildPhase;
			buildActionMask = 2147483647;
			files = (
			);
			inputFileListPaths = (
			);
			inputPaths = (
				"${PODS_PODFILE_DIR_PATH}/Podfile.lock",
				"${PODS_ROOT}/Manifest.lock",
			);
			name = "[CP] Check Pods Manifest.lock";
			outputFileListPaths = (
			);
			outputPaths = (
				"$(DERIVED_FILE_DIR)/Pods-ExMultiSectionCollectionView-checkManifestLockResult.txt",
			);
			runOnlyForDeploymentPostprocessing = 0;
			shellPath = /bin/sh;
			shellScript = "diff \"${PODS_PODFILE_DIR_PATH}/Podfile.lock\" \"${PODS_ROOT}/Manifest.lock\" > /dev/null\nif [ $? != 0 ] ; then\n    # print error to STDERR\n    echo \"error: The sandbox is not in sync with the Podfile.lock. Run 'pod install' or update your CocoaPods installation.\" >&2\n    exit 1\nfi\n# This output is used by Xcode 'outputs' to avoid re-running this script phase.\necho \"SUCCESS\" > \"${SCRIPT_OUTPUT_FILE_0}\"\n";
			showEnvVarsInLog = 0;
		};
		EAB9945F774008C2D5077486 /* [CP] Embed Pods Frameworks */ = {
			isa = PBXShellScriptBuildPhase;
			buildActionMask = 2147483647;
			files = (
			);
			inputFileListPaths = (
				"${PODS_ROOT}/Target Support Files/Pods-ExMultiSectionCollectionView/Pods-ExMultiSectionCollectionView-frameworks-${CONFIGURATION}-input-files.xcfilelist",
			);
			name = "[CP] Embed Pods Frameworks";
			outputFileListPaths = (
				"${PODS_ROOT}/Target Support Files/Pods-ExMultiSectionCollectionView/Pods-ExMultiSectionCollectionView-frameworks-${CONFIGURATION}-output-files.xcfilelist",
			);
			runOnlyForDeploymentPostprocessing = 0;
			shellPath = /bin/sh;
			shellScript = "\"${PODS_ROOT}/Target Support Files/Pods-ExMultiSectionCollectionView/Pods-ExMultiSectionCollectionView-frameworks.sh\"\n";
			showEnvVarsInLog = 0;
		};
/* End PBXShellScriptBuildPhase section */

/* Begin PBXSourcesBuildPhase section */
		C6CCB4B927D5B7C600E5F5F6 /* Sources */ = {
			isa = PBXSourcesBuildPhase;
			buildActionMask = 2147483647;
			files = (
				C6CCB4E127D5DF5900E5F5F6 /* TitleSupplementaryView.swift in Sources */,
				C6CCB4D927D5CE0300E5F5F6 /* TitleCell.swift in Sources */,
				C6CCB4C527D5B7C600E5F5F6 /* ViewController.swift in Sources */,
				C6CCB4D527D5C73A00E5F5F6 /* ColorCell.swift in Sources */,
				C6CCB4C127D5B7C600E5F5F6 /* AppDelegate.swift in Sources */,
				C6CCB4DF27D5D2CC00E5F5F6 /* MySectionModel.swift in Sources */,
				C6CCB4C327D5B7C600E5F5F6 /* SceneDelegate.swift in Sources */,
				C6CCB4D727D5C8BD00E5F5F6 /* UIColor+Extension.swift in Sources */,
			);
			runOnlyForDeploymentPostprocessing = 0;
		};
/* End PBXSourcesBuildPhase section */

/* Begin PBXVariantGroup section */
		C6CCB4C627D5B7C600E5F5F6 /* Main.storyboard */ = {
			isa = PBXVariantGroup;
			children = (
				C6CCB4C727D5B7C600E5F5F6 /* Base */,
			);
			name = Main.storyboard;
			sourceTree = "<group>";
		};
		C6CCB4CB27D5B7C800E5F5F6 /* LaunchScreen.storyboard */ = {
			isa = PBXVariantGroup;
			children = (
				C6CCB4CC27D5B7C800E5F5F6 /* Base */,
			);
			name = LaunchScreen.storyboard;
			sourceTree = "<group>";
		};
/* End PBXVariantGroup section */

/* Begin XCBuildConfiguration section */
		C6CCB4CF27D5B7C800E5F5F6 /* Debug */ = {
			isa = XCBuildConfiguration;
			buildSettings = {
				ALWAYS_SEARCH_USER_PATHS = NO;
				CLANG_ANALYZER_NONNULL = YES;
				CLANG_ANALYZER_NUMBER_OBJECT_CONVERSION = YES_AGGRESSIVE;
				CLANG_CXX_LANGUAGE_STANDARD = "gnu++17";
				CLANG_CXX_LIBRARY = "libc++";
				CLANG_ENABLE_MODULES = YES;
				CLANG_ENABLE_OBJC_ARC = YES;
				CLANG_ENABLE_OBJC_WEAK = YES;
				CLANG_WARN_BLOCK_CAPTURE_AUTORELEASING = YES;
				CLANG_WARN_BOOL_CONVERSION = YES;
				CLANG_WARN_COMMA = YES;
				CLANG_WARN_CONSTANT_CONVERSION = YES;
				CLANG_WARN_DEPRECATED_OBJC_IMPLEMENTATIONS = YES;
				CLANG_WARN_DIRECT_OBJC_ISA_USAGE = YES_ERROR;
				CLANG_WARN_DOCUMENTATION_COMMENTS = YES;
				CLANG_WARN_EMPTY_BODY = YES;
				CLANG_WARN_ENUM_CONVERSION = YES;
				CLANG_WARN_INFINITE_RECURSION = YES;
				CLANG_WARN_INT_CONVERSION = YES;
				CLANG_WARN_NON_LITERAL_NULL_CONVERSION = YES;
				CLANG_WARN_OBJC_IMPLICIT_RETAIN_SELF = YES;
				CLANG_WARN_OBJC_LITERAL_CONVERSION = YES;
				CLANG_WARN_OBJC_ROOT_CLASS = YES_ERROR;
				CLANG_WARN_QUOTED_INCLUDE_IN_FRAMEWORK_HEADER = YES;
				CLANG_WARN_RANGE_LOOP_ANALYSIS = YES;
				CLANG_WARN_STRICT_PROTOTYPES = YES;
				CLANG_WARN_SUSPICIOUS_MOVE = YES;
				CLANG_WARN_UNGUARDED_AVAILABILITY = YES_AGGRESSIVE;
				CLANG_WARN_UNREACHABLE_CODE = YES;
				CLANG_WARN__DUPLICATE_METHOD_MATCH = YES;
				COPY_PHASE_STRIP = NO;
				DEBUG_INFORMATION_FORMAT = dwarf;
				ENABLE_STRICT_OBJC_MSGSEND = YES;
				ENABLE_TESTABILITY = YES;
				GCC_C_LANGUAGE_STANDARD = gnu11;
				GCC_DYNAMIC_NO_PIC = NO;
				GCC_NO_COMMON_BLOCKS = YES;
				GCC_OPTIMIZATION_LEVEL = 0;
				GCC_PREPROCESSOR_DEFINITIONS = (
					"DEBUG=1",
					"$(inherited)",
				);
				GCC_WARN_64_TO_32_BIT_CONVERSION = YES;
				GCC_WARN_ABOUT_RETURN_TYPE = YES_ERROR;
				GCC_WARN_UNDECLARED_SELECTOR = YES;
				GCC_WARN_UNINITIALIZED_AUTOS = YES_AGGRESSIVE;
				GCC_WARN_UNUSED_FUNCTION = YES;
				GCC_WARN_UNUSED_VARIABLE = YES;
				IPHONEOS_DEPLOYMENT_TARGET = 15.2;
				MTL_ENABLE_DEBUG_INFO = INCLUDE_SOURCE;
				MTL_FAST_MATH = YES;
				ONLY_ACTIVE_ARCH = YES;
				SDKROOT = iphoneos;
				SWIFT_ACTIVE_COMPILATION_CONDITIONS = DEBUG;
				SWIFT_OPTIMIZATION_LEVEL = "-Onone";
			};
			name = Debug;
		};
		C6CCB4D027D5B7C800E5F5F6 /* Release */ = {
			isa = XCBuildConfiguration;
			buildSettings = {
				ALWAYS_SEARCH_USER_PATHS = NO;
				CLANG_ANALYZER_NONNULL = YES;
				CLANG_ANALYZER_NUMBER_OBJECT_CONVERSION = YES_AGGRESSIVE;
				CLANG_CXX_LANGUAGE_STANDARD = "gnu++17";
				CLANG_CXX_LIBRARY = "libc++";
				CLANG_ENABLE_MODULES = YES;
				CLANG_ENABLE_OBJC_ARC = YES;
				CLANG_ENABLE_OBJC_WEAK = YES;
				CLANG_WARN_BLOCK_CAPTURE_AUTORELEASING = YES;
				CLANG_WARN_BOOL_CONVERSION = YES;
				CLANG_WARN_COMMA = YES;
				CLANG_WARN_CONSTANT_CONVERSION = YES;
				CLANG_WARN_DEPRECATED_OBJC_IMPLEMENTATIONS = YES;
				CLANG_WARN_DIRECT_OBJC_ISA_USAGE = YES_ERROR;
				CLANG_WARN_DOCUMENTATION_COMMENTS = YES;
				CLANG_WARN_EMPTY_BODY = YES;
				CLANG_WARN_ENUM_CONVERSION = YES;
				CLANG_WARN_INFINITE_RECURSION = YES;
				CLANG_WARN_INT_CONVERSION = YES;
				CLANG_WARN_NON_LITERAL_NULL_CONVERSION = YES;
				CLANG_WARN_OBJC_IMPLICIT_RETAIN_SELF = YES;
				CLANG_WARN_OBJC_LITERAL_CONVERSION = YES;
				CLANG_WARN_OBJC_ROOT_CLASS = YES_ERROR;
				CLANG_WARN_QUOTED_INCLUDE_IN_FRAMEWORK_HEADER = YES;
				CLANG_WARN_RANGE_LOOP_ANALYSIS = YES;
				CLANG_WARN_STRICT_PROTOTYPES = YES;
				CLANG_WARN_SUSPICIOUS_MOVE = YES;
				CLANG_WARN_UNGUARDED_AVAILABILITY = YES_AGGRESSIVE;
				CLANG_WARN_UNREACHABLE_CODE = YES;
				CLANG_WARN__DUPLICATE_METHOD_MATCH = YES;
				COPY_PHASE_STRIP = NO;
				DEBUG_INFORMATION_FORMAT = "dwarf-with-dsym";
				ENABLE_NS_ASSERTIONS = NO;
				ENABLE_STRICT_OBJC_MSGSEND = YES;
				GCC_C_LANGUAGE_STANDARD = gnu11;
				GCC_NO_COMMON_BLOCKS = YES;
				GCC_WARN_64_TO_32_BIT_CONVERSION = YES;
				GCC_WARN_ABOUT_RETURN_TYPE = YES_ERROR;
				GCC_WARN_UNDECLARED_SELECTOR = YES;
				GCC_WARN_UNINITIALIZED_AUTOS = YES_AGGRESSIVE;
				GCC_WARN_UNUSED_FUNCTION = YES;
				GCC_WARN_UNUSED_VARIABLE = YES;
				IPHONEOS_DEPLOYMENT_TARGET = 15.2;
				MTL_ENABLE_DEBUG_INFO = NO;
				MTL_FAST_MATH = YES;
				SDKROOT = iphoneos;
				SWIFT_COMPILATION_MODE = wholemodule;
				SWIFT_OPTIMIZATION_LEVEL = "-O";
				VALIDATE_PRODUCT = YES;
			};
			name = Release;
		};
		C6CCB4D227D5B7C800E5F5F6 /* Debug */ = {
			isa = XCBuildConfiguration;
			baseConfigurationReference = 1366E0C06EEA55EFBFA6244B /* Pods-ExMultiSectionCollectionView.debug.xcconfig */;
			buildSettings = {
				ASSETCATALOG_COMPILER_APPICON_NAME = AppIcon;
				ASSETCATALOG_COMPILER_GLOBAL_ACCENT_COLOR_NAME = AccentColor;
				CODE_SIGN_STYLE = Automatic;
				CURRENT_PROJECT_VERSION = 1;
				DEVELOPMENT_TEAM = V99UMBT63A;
				GENERATE_INFOPLIST_FILE = YES;
				INFOPLIST_FILE = ExMultiSectionCollectionView/Info.plist;
				INFOPLIST_KEY_UIApplicationSupportsIndirectInputEvents = YES;
				INFOPLIST_KEY_UILaunchStoryboardName = LaunchScreen;
				INFOPLIST_KEY_UIMainStoryboardFile = Main;
				INFOPLIST_KEY_UISupportedInterfaceOrientations_iPad = "UIInterfaceOrientationPortrait UIInterfaceOrientationPortraitUpsideDown UIInterfaceOrientationLandscapeLeft UIInterfaceOrientationLandscapeRight";
				INFOPLIST_KEY_UISupportedInterfaceOrientations_iPhone = "UIInterfaceOrientationPortrait UIInterfaceOrientationLandscapeLeft UIInterfaceOrientationLandscapeRight";
				LD_RUNPATH_SEARCH_PATHS = (
					"$(inherited)",
					"@executable_path/Frameworks",
				);
				MARKETING_VERSION = 1.0;
				PRODUCT_BUNDLE_IDENTIFIER = com.ExMultiSectionCollectionView;
				PRODUCT_NAME = "$(TARGET_NAME)";
				SWIFT_EMIT_LOC_STRINGS = YES;
				SWIFT_VERSION = 5.0;
				TARGETED_DEVICE_FAMILY = "1,2";
			};
			name = Debug;
		};
		C6CCB4D327D5B7C800E5F5F6 /* Release */ = {
			isa = XCBuildConfiguration;
			baseConfigurationReference = BC783D637056588396D82933 /* Pods-ExMultiSectionCollectionView.release.xcconfig */;
			buildSettings = {
				ASSETCATALOG_COMPILER_APPICON_NAME = AppIcon;
				ASSETCATALOG_COMPILER_GLOBAL_ACCENT_COLOR_NAME = AccentColor;
				CODE_SIGN_STYLE = Automatic;
				CURRENT_PROJECT_VERSION = 1;
				DEVELOPMENT_TEAM = V99UMBT63A;
				GENERATE_INFOPLIST_FILE = YES;
				INFOPLIST_FILE = ExMultiSectionCollectionView/Info.plist;
				INFOPLIST_KEY_UIApplicationSupportsIndirectInputEvents = YES;
				INFOPLIST_KEY_UILaunchStoryboardName = LaunchScreen;
				INFOPLIST_KEY_UIMainStoryboardFile = Main;
				INFOPLIST_KEY_UISupportedInterfaceOrientations_iPad = "UIInterfaceOrientationPortrait UIInterfaceOrientationPortraitUpsideDown UIInterfaceOrientationLandscapeLeft UIInterfaceOrientationLandscapeRight";
				INFOPLIST_KEY_UISupportedInterfaceOrientations_iPhone = "UIInterfaceOrientationPortrait UIInterfaceOrientationLandscapeLeft UIInterfaceOrientationLandscapeRight";
				LD_RUNPATH_SEARCH_PATHS = (
					"$(inherited)",
					"@executable_path/Frameworks",
				);
				MARKETING_VERSION = 1.0;
				PRODUCT_BUNDLE_IDENTIFIER = com.ExMultiSectionCollectionView;
				PRODUCT_NAME = "$(TARGET_NAME)";
				SWIFT_EMIT_LOC_STRINGS = YES;
				SWIFT_VERSION = 5.0;
				TARGETED_DEVICE_FAMILY = "1,2";
			};
			name = Release;
		};
/* End XCBuildConfiguration section */

/* Begin XCConfigurationList section */
		C6CCB4B827D5B7C600E5F5F6 /* Build configuration list for PBXProject "ExMultiSectionCollectionView" */ = {
			isa = XCConfigurationList;
			buildConfigurations = (
				C6CCB4CF27D5B7C800E5F5F6 /* Debug */,
				C6CCB4D027D5B7C800E5F5F6 /* Release */,
			);
			defaultConfigurationIsVisible = 0;
			defaultConfigurationName = Release;
		};
		C6CCB4D127D5B7C800E5F5F6 /* Build configuration list for PBXNativeTarget "ExMultiSectionCollectionView" */ = {
			isa = XCConfigurationList;
			buildConfigurations = (
				C6CCB4D227D5B7C800E5F5F6 /* Debug */,
				C6CCB4D327D5B7C800E5F5F6 /* Release */,
			);
			defaultConfigurationIsVisible = 0;
			defaultConfigurationName = Release;
		};
/* End XCConfigurationList section */
	};
	rootObject = C6CCB4B527D5B7C600E5F5F6 /* Project object */;
}
